
Microsoft Visual Studio Solution File, Format Version 12.00
# Visual Studio Version 17
VisualStudioVersion = 17.0.31903.59
MinimumVisualStudioVersion = 10.0.40219.1
Project("{2150E333-8FDC-42A3-9474-1A3956D46DE8}") = "src", "src", "{9C9D6818-1DA6-4BE5-AC1E-A5053EF66EB8}"
EndProject
Project("{FAE04EC0-301F-11D3-BF4B-00C04F79EFBC}") = "FitRecoveryLog", "src\FitRecoveryLog\FitRecoveryLog.csproj", "{221C9A64-4855-4120-901C-C82584AD01D8}"
EndProject
Project("{FAE04EC0-301F-11D3-BF4B-00C04F79EFBC}") = "FitRecoveryLog.Data", "src\FitRecoveryLog.Data\FitRecoveryLog.Data.csproj", "{90C3A5FF-25AB-4199-A5A6-EC8C88FB9E76}"
EndProject
Project("{FAE04EC0-301F-11D3-BF4B-00C04F79EFBC}") = "FitRecoveryLog.Server", "src\FitRecoveryLog.Server\FitRecoveryLog.Server.csproj", "{5B17EF7F-5D7E-43FD-8CDB-0FFC800AC7F7}"
EndProject
Project("{FAE04EC0-301F-11D3-BF4B-00C04F79EFBC}") = "FitRecoveryLog.Shared", "src\FitRecoveryLog.Shared\FitRecoveryLog.Shared.csproj", "{5C24160B-5EA1-4086-B659-0D56FA378E45}"
EndProject
Project("{FAE04EC0-301F-11D3-BF4B-00C04F79EFBC}") = "FitRecoveryLog.Web", "src\FitRecoveryLog.Web\FitRecoveryLog.Web.csproj", "{4F42B8F4-FF93-487E-A020-9A552991439E}"
EndProject
Project("{FAE04EC0-301F-11D3-BF4B-00C04F79EFBC}") = "FitRecoveryLog.Domain", "src\FitRecoveryLog.Domain\FitRecoveryLog.Domain.csproj", "{6FF81386-1B3D-4D98-9253-8AF989D9CFE2}"
EndProject
Project("{FAE04EC0-301F-11D3-BF4B-00C04F79EFBC}") = "FitRecoveryLog.Application", "src\FitRecoveryLog.Application\FitRecoveryLog.Application.csproj", "{E704D5AC-4126-43E4-A68D-4BD8A2F6C79A}"
EndProject
Project("{FAE04EC0-301F-11D3-BF4B-00C04F79EFBC}") = "FitRecoveryLog.Infrastructure", "src\FitRecoveryLog.Infrastructure\FitRecoveryLog.Infrastructure.csproj", "{FDD03BF4-0AC0-4F96-9E7E-DE72C71D5E25}"
EndProject
Project("{2150E333-8FDC-42A3-9474-1A3956D46DE8}") = "tests", "tests", "{9201CB6F-0BD8-4662-BDC1-DC8DF15B714D}"
EndProject
Project("{FAE04EC0-301F-11D3-BF4B-00C04F79EFBC}") = "FitRecoveryLog.Tests", "tests\FitRecoveryLog.Tests\FitRecoveryLog.Tests.csproj", "{C9064084-E83D-4D70-82EF-9AC699049D32}"
EndProject
Global
	GlobalSection(SolutionConfigurationPlatforms) = preSolution
		Debug|Any CPU = Debug|Any CPU
		Release|Any CPU = Release|Any CPU
	EndGlobalSection
	GlobalSection(SolutionProperties) = preSolution
		HideSolutionNode = FALSE
	EndGlobalSection
	GlobalSection(ProjectConfigurationPlatforms) = postSolution
		{221C9A64-4855-4120-901C-C82584AD01D8}.Debug|Any CPU.ActiveCfg = Debug|Any CPU
		{221C9A64-4855-4120-901C-C82584AD01D8}.Debug|Any CPU.Build.0 = Debug|Any CPU
		{221C9A64-4855-4120-901C-C82584AD01D8}.Release|Any CPU.ActiveCfg = Release|Any CPU
		{221C9A64-4855-4120-901C-C82584AD01D8}.Release|Any CPU.Build.0 = Release|Any CPU
		{90C3A5FF-25AB-4199-A5A6-EC8C88FB9E76}.Debug|Any CPU.ActiveCfg = Debug|Any CPU
		{90C3A5FF-25AB-4199-A5A6-EC8C88FB9E76}.Debug|Any CPU.Build.0 = Debug|Any CPU
		{90C3A5FF-25AB-4199-A5A6-EC8C88FB9E76}.Release|Any CPU.ActiveCfg = Release|Any CPU
		{90C3A5FF-25AB-4199-A5A6-EC8C88FB9E76}.Release|Any CPU.Build.0 = Release|Any CPU
		{5B17EF7F-5D7E-43FD-8CDB-0FFC800AC7F7}.Debug|Any CPU.ActiveCfg = Debug|Any CPU
		{5B17EF7F-5D7E-43FD-8CDB-0FFC800AC7F7}.Debug|Any CPU.Build.0 = Debug|Any CPU
		{5B17EF7F-5D7E-43FD-8CDB-0FFC800AC7F7}.Release|Any CPU.ActiveCfg = Release|Any CPU
		{5B17EF7F-5D7E-43FD-8CDB-0FFC800AC7F7}.Release|Any CPU.Build.0 = Release|Any CPU
		{5C24160B-5EA1-4086-B659-0D56FA378E45}.Debug|Any CPU.ActiveCfg = Debug|Any CPU
		{5C24160B-5EA1-4086-B659-0D56FA378E45}.Debug|Any CPU.Build.0 = Debug|Any CPU
		{5C24160B-5EA1-4086-B659-0D56FA378E45}.Release|Any CPU.ActiveCfg = Release|Any CPU
		{5C24160B-5EA1-4086-B659-0D56FA378E45}.Release|Any CPU.Build.0 = Release|Any CPU
		{4F42B8F4-FF93-487E-A020-9A552991439E}.Debug|Any CPU.ActiveCfg = Debug|Any CPU
		{4F42B8F4-FF93-487E-A020-9A552991439E}.Debug|Any CPU.Build.0 = Debug|Any CPU
		{4F42B8F4-FF93-487E-A020-9A552991439E}.Release|Any CPU.ActiveCfg = Release|Any CPU
		{4F42B8F4-FF93-487E-A020-9A552991439E}.Release|Any CPU.Build.0 = Release|Any CPU
		{6FF81386-1B3D-4D98-9253-8AF989D9CFE2}.Debug|Any CPU.ActiveCfg = Debug|Any CPU
		{6FF81386-1B3D-4D98-9253-8AF989D9CFE2}.Debug|Any CPU.Build.0 = Debug|Any CPU
		{6FF81386-1B3D-4D98-9253-8AF989D9CFE2}.Release|Any CPU.ActiveCfg = Release|Any CPU
		{6FF81386-1B3D-4D98-9253-8AF989D9CFE2}.Release|Any CPU.Build.0 = Release|Any CPU
		{E704D5AC-4126-43E4-A68D-4BD8A2F6C79A}.Debug|Any CPU.ActiveCfg = Debug|Any CPU
		{E704D5AC-4126-43E4-A68D-4BD8A2F6C79A}.Debug|Any CPU.Build.0 = Debug|Any CPU
		{E704D5AC-4126-43E4-A68D-4BD8A2F6C79A}.Release|Any CPU.ActiveCfg = Release|Any CPU
		{E704D5AC-4126-43E4-A68D-4BD8A2F6C79A}.Release|Any CPU.Build.0 = Release|Any CPU
		{FDD03BF4-0AC0-4F96-9E7E-DE72C71D5E25}.Debug|Any CPU.ActiveCfg = Debug|Any CPU
		{FDD03BF4-0AC0-4F96-9E7E-DE72C71D5E25}.Debug|Any CPU.Build.0 = Debug|Any CPU
		{FDD03BF4-0AC0-4F96-9E7E-DE72C71D5E25}.Release|Any CPU.ActiveCfg = Release|Any CPU
		{FDD03BF4-0AC0-4F96-9E7E-DE72C71D5E25}.Release|Any CPU.Build.0 = Release|Any CPU
		{C9064084-E83D-4D70-82EF-9AC699049D32}.Debug|Any CPU.ActiveCfg = Debug|Any CPU
		{C9064084-E83D-4D70-82EF-9AC699049D32}.Debug|Any CPU.Build.0 = Debug|Any CPU
		{C9064084-E83D-4D70-82EF-9AC699049D32}.Release|Any CPU.ActiveCfg = Release|Any CPU
		{C9064084-E83D-4D70-82EF-9AC699049D32}.Release|Any CPU.Build.0 = Release|Any CPU
	EndGlobalSection
	GlobalSection(NestedProjects) = preSolution
		{221C9A64-4855-4120-901C-C82584AD01D8} = {9C9D6818-1DA6-4BE5-AC1E-A5053EF66EB8}
		{90C3A5FF-25AB-4199-A5A6-EC8C88FB9E76} = {9C9D6818-1DA6-4BE5-AC1E-A5053EF66EB8}
		{5B17EF7F-5D7E-43FD-8CDB-0FFC800AC7F7} = {9C9D6818-1DA6-4BE5-AC1E-A5053EF66EB8}
		{5C24160B-5EA1-4086-B659-0D56FA378E45} = {9C9D6818-1DA6-4BE5-AC1E-A5053EF66EB8}
		{4F42B8F4-FF93-487E-A020-9A552991439E} = {9C9D6818-1DA6-4BE5-AC1E-A5053EF66EB8}
		{6FF81386-1B3D-4D98-9253-8AF989D9CFE2} = {9C9D6818-1DA6-4BE5-AC1E-A5053EF66EB8}
		{E704D5AC-4126-43E4-A68D-4BD8A2F6C79A} = {9C9D6818-1DA6-4BE5-AC1E-A5053EF66EB8}
		{FDD03BF4-0AC0-4F96-9E7E-DE72C71D5E25} = {9C9D6818-1DA6-4BE5-AC1E-A5053EF66EB8}
		{C9064084-E83D-4D70-82EF-9AC699049D32} = {9201CB6F-0BD8-4662-BDC1-DC8DF15B714D}
	EndGlobalSection
EndGlobal
